// !$*UTF8*$!
{
	archiveVersion = 1;
	classes = {
	};
	objectVersion = 46;
	objects = {

/* Begin PBXAggregateTarget section */
		410FA2461C660DA000927C72 /* Libraries */ = {
			isa = PBXAggregateTarget;
			buildConfigurationList = 410FA2491C660DA000927C72 /* Build configuration list for PBXAggregateTarget "Libraries" */;
			buildPhases = (
			);
			dependencies = (
				410FA24D1C660DB200927C72 /* PBXTargetDependency */,
				410FA24B1C660DB000927C72 /* PBXTargetDependency */,
			);
			name = Libraries;
			productName = Libraries;
		};
/* End PBXAggregateTarget section */

/* Begin PBXBuildFile section */
		410B50E11C69424B007839D0 /* NSInvocation.h in Headers */ = {isa = PBXBuildFile; fileRef = 410B50DB1C69424B007839D0 /* NSInvocation.h */; settings = {ATTRIBUTES = (Public, ); }; };
		410B50E21C69424B007839D0 /* NSInvocation.m in Sources */ = {isa = PBXBuildFile; fileRef = 410B50DC1C69424B007839D0 /* NSInvocation.m */; };
		410B50E41C69424B007839D0 /* NSMethodSignature.h in Headers */ = {isa = PBXBuildFile; fileRef = 410B50DE1C69424B007839D0 /* NSMethodSignature.h */; settings = {ATTRIBUTES = (Public, ); }; };
		410B50E51C69424B007839D0 /* NSMethodSignature.m in Sources */ = {isa = PBXBuildFile; fileRef = 410B50DF1C69424B007839D0 /* NSMethodSignature.m */; };
		410B50E61C69424B007839D0 /* NSMethodSignature+Private.h in Headers */ = {isa = PBXBuildFile; fileRef = 410B50E01C69424B007839D0 /* NSMethodSignature+Private.h */; };
		410FA24E1C66105E00927C72 /* MulleObjC.h in Headers */ = {isa = PBXBuildFile; fileRef = 41A9E4F51BD7E58B00210D6E /* MulleObjC.h */; settings = {ATTRIBUTES = (Public, ); }; };
		410FA24F1C66106200927C72 /* MulleObjC.h in Headers */ = {isa = PBXBuildFile; fileRef = 41A9E4F51BD7E58B00210D6E /* MulleObjC.h */; settings = {ATTRIBUTES = (Public, ); }; };
		410FA2501C66109500927C72 /* ns_objc.h in Headers */ = {isa = PBXBuildFile; fileRef = 41A9E4F81BD7EE4600210D6E /* ns_objc.h */; settings = {ATTRIBUTES = (Public, ); }; };
		410FA2511C66109900927C72 /* ns_objc.h in Headers */ = {isa = PBXBuildFile; fileRef = 41A9E4F81BD7EE4600210D6E /* ns_objc.h */; settings = {ATTRIBUTES = (Public, ); }; };
		410FA2521C6610A300927C72 /* ns_exception.h in Headers */ = {isa = PBXBuildFile; fileRef = 41A9E4F71BD7E6D300210D6E /* ns_exception.h */; settings = {ATTRIBUTES = (Public, ); }; };
		410FA2531C6610A600927C72 /* ns_exception.h in Headers */ = {isa = PBXBuildFile; fileRef = 41A9E4F71BD7E6D300210D6E /* ns_exception.h */; settings = {ATTRIBUTES = (Public, ); }; };
		410FA2541C6610C700927C72 /* NSThread.h in Headers */ = {isa = PBXBuildFile; fileRef = 419C58311BCFF33200731B64 /* NSThread.h */; settings = {ATTRIBUTES = (Public, ); }; };
		410FA2551C6610CE00927C72 /* NSThread.h in Headers */ = {isa = PBXBuildFile; fileRef = 419C58311BCFF33200731B64 /* NSThread.h */; settings = {ATTRIBUTES = (Public, ); }; };
		410FA2591C6624AF00927C72 /* ns_fastclassids.h in Headers */ = {isa = PBXBuildFile; fileRef = 410FA2581C6624AF00927C72 /* ns_fastclassids.h */; settings = {ATTRIBUTES = (Public, ); }; };
		410FA25A1C6624AF00927C72 /* ns_fastclassids.h in Headers */ = {isa = PBXBuildFile; fileRef = 410FA2581C6624AF00927C72 /* ns_fastclassids.h */; settings = {ATTRIBUTES = (Public, ); }; };
		410FA25C1C6624F500927C72 /* ns_fastmethodids.h in Headers */ = {isa = PBXBuildFile; fileRef = 410FA25B1C6624F500927C72 /* ns_fastmethodids.h */; settings = {ATTRIBUTES = (Public, ); }; };
		410FA25D1C6624F500927C72 /* ns_fastmethodids.h in Headers */ = {isa = PBXBuildFile; fileRef = 410FA25B1C6624F500927C72 /* ns_fastmethodids.h */; settings = {ATTRIBUTES = (Public, ); }; };
		411C19231C86FDC600B09881 /* libmulle_test_allocator.a in Frameworks */ = {isa = PBXBuildFile; fileRef = 411C19221C86FDC600B09881 /* libmulle_test_allocator.a */; };
		411C19251C86FDFD00B09881 /* ns_test_allocation.c in Sources */ = {isa = PBXBuildFile; fileRef = 411C19241C86FDFD00B09881 /* ns_test_allocation.c */; };
		411C19271C86FE0500B09881 /* ns_test_allocation.h in Headers */ = {isa = PBXBuildFile; fileRef = 411C19261C86FE0500B09881 /* ns_test_allocation.h */; };
		41300CAA1C87185100D1D1C1 /* libMulleStandaloneObjC.dylib in Frameworks */ = {isa = PBXBuildFile; fileRef = 4162D5321C63CDF1007EC7DD /* libMulleStandaloneObjC.dylib */; };
		415A0A101C4E98B700290E05 /* _ns_autoreleasepointerarray.h in Headers */ = {isa = PBXBuildFile; fileRef = 415A0A0F1C4E98B700290E05 /* _ns_autoreleasepointerarray.h */; };
		4162D51D1C63CDF1007EC7DD /* NSAutoreleasePool.h in Headers */ = {isa = PBXBuildFile; fileRef = 41A827A11AADE01D0017BE29 /* NSAutoreleasePool.h */; settings = {ATTRIBUTES = (Public, ); }; };
		4162D51E1C63CDF1007EC7DD /* ns_debug.h in Headers */ = {isa = PBXBuildFile; fileRef = 41A9E4FA1BD7F39700210D6E /* ns_debug.h */; settings = {ATTRIBUTES = (Public, ); }; };
		4162D51F1C63CDF1007EC7DD /* NSCopying.h in Headers */ = {isa = PBXBuildFile; fileRef = 41A827B81AADE08C0017BE29 /* NSCopying.h */; settings = {ATTRIBUTES = (Public, ); }; };
		4162D5201C63CDF1007EC7DD /* NSDebug.h in Headers */ = {isa = PBXBuildFile; fileRef = 41A827A71AADE0400017BE29 /* NSDebug.h */; settings = {ATTRIBUTES = (Public, ); }; };
		4162D5221C63CDF1007EC7DD /* NSObject.h in Headers */ = {isa = PBXBuildFile; fileRef = 41A827AB1AADE04B0017BE29 /* NSObject.h */; settings = {ATTRIBUTES = (Public, ); }; };
		4162D5231C63CDF1007EC7DD /* _ns_autoreleasepointerarray.h in Headers */ = {isa = PBXBuildFile; fileRef = 415A0A0F1C4E98B700290E05 /* _ns_autoreleasepointerarray.h */; };
		4162D5241C63CDF1007EC7DD /* _ns_exception.h in Headers */ = {isa = PBXBuildFile; fileRef = 41A41E501AB097CE00A92452 /* _ns_exception.h */; settings = {ATTRIBUTES = (Public, ); }; };
		4162D5251C63CDF1007EC7DD /* ns_range.h in Headers */ = {isa = PBXBuildFile; fileRef = 41A41E5E1AB0A18600A92452 /* ns_range.h */; settings = {ATTRIBUTES = (Public, ); }; };
		4162D5261C63CDF1007EC7DD /* ns_zone.h in Headers */ = {isa = PBXBuildFile; fileRef = 41A41E5A1AB09C2A00A92452 /* ns_zone.h */; settings = {ATTRIBUTES = (Public, ); }; };
		4162D5271C63CDF1007EC7DD /* NSAllocation.h in Headers */ = {isa = PBXBuildFile; fileRef = 41A41E621AB0BD5700A92452 /* NSAllocation.h */; settings = {ATTRIBUTES = (Public, ); }; };
		4162D5281C63CDF1007EC7DD /* ns_allocation.h in Headers */ = {isa = PBXBuildFile; fileRef = 41A41E541AB097EC00A92452 /* ns_allocation.h */; settings = {ATTRIBUTES = (Public, ); }; };
		4162D5291C63CDF1007EC7DD /* NSObjectProtocol.h in Headers */ = {isa = PBXBuildFile; fileRef = 41A827BB1AADE08C0017BE29 /* NSObjectProtocol.h */; settings = {ATTRIBUTES = (Public, ); }; };
		4162D52A1C63CDF1007EC7DD /* ns_rootconfiguration.h in Headers */ = {isa = PBXBuildFile; fileRef = 41A827C01AADE14F0017BE29 /* ns_rootconfiguration.h */; settings = {ATTRIBUTES = (Public, ); }; };
		4162D52B1C63CDF1007EC7DD /* NSProxy.h in Headers */ = {isa = PBXBuildFile; fileRef = 41A827AF1AADE0530017BE29 /* NSProxy.h */; settings = {ATTRIBUTES = (Public, ); }; };
		4162D52C1C63CDF1007EC7DD /* ns_objc_include.h in Headers */ = {isa = PBXBuildFile; fileRef = 41A827C11AADE14F0017BE29 /* ns_objc_include.h */; settings = {ATTRIBUTES = (Public, ); }; };
		4162D52D1C63CDF1007EC7DD /* NSAutoreleasePool+Private.h in Headers */ = {isa = PBXBuildFile; fileRef = 41A827A51AADE0290017BE29 /* NSAutoreleasePool+Private.h */; settings = {ATTRIBUTES = (Public, ); }; };
		4162D52E1C63CDF1007EC7DD /* ns_type.h in Headers */ = {isa = PBXBuildFile; fileRef = 41A827C41AADE30E0017BE29 /* ns_type.h */; settings = {ATTRIBUTES = (Public, ); }; };
		4162D5361C63CE2E007EC7DD /* MulleStandaloneObjC.h in Headers */ = {isa = PBXBuildFile; fileRef = 4162D5351C63CE2E007EC7DD /* MulleStandaloneObjC.h */; settings = {ATTRIBUTES = (Public, ); }; };
		4162D5381C63F938007EC7DD /* MulleStandaloneObjC.m in Sources */ = {isa = PBXBuildFile; fileRef = 4162D5371C63F938007EC7DD /* MulleStandaloneObjC.m */; };
		417D6E2D1C64B40A0022660E /* libMulleObjC.a in Frameworks */ = {isa = PBXBuildFile; fileRef = 41A827721AADD0D40017BE29 /* libMulleObjC.a */; };
		417D6E2E1C64B4560022660E /* libmulle_aba.a in Frameworks */ = {isa = PBXBuildFile; fileRef = 41A51C261BD557AB004CADE9 /* libmulle_aba.a */; };
		417D6E2F1C64B4560022660E /* libmulle_container.a in Frameworks */ = {isa = PBXBuildFile; fileRef = 41A51C271BD557AB004CADE9 /* libmulle_container.a */; };
		417D6E301C64B4560022660E /* libmulle_thread.a in Frameworks */ = {isa = PBXBuildFile; fileRef = 41A51C291BD557AB004CADE9 /* libmulle_thread.a */; };
		417D6E3D1C64C1E50022660E /* libmulle_objc_runtime.a in Frameworks */ = {isa = PBXBuildFile; fileRef = 41A51C281BD557AB004CADE9 /* libmulle_objc_runtime.a */; };
		417D8AD01C89A7E500C3EFC9 /* ns_threadconfiguration.h in Headers */ = {isa = PBXBuildFile; fileRef = 417D8ACE1C89A7E500C3EFC9 /* ns_threadconfiguration.h */; settings = {ATTRIBUTES = (Public, ); }; };
		417D8AD11C89B8C600C3EFC9 /* ns_threadconfiguration.h in Headers */ = {isa = PBXBuildFile; fileRef = 417D8ACE1C89A7E500C3EFC9 /* ns_threadconfiguration.h */; settings = {ATTRIBUTES = (Public, ); }; };
		4183C3621BDAE344009BE58B /* NSThread.m in Sources */ = {isa = PBXBuildFile; fileRef = 419C582F1BCFF32000731B64 /* NSThread.m */; };
		4185027E1C8755B8008C77C4 /* main.m in Sources */ = {isa = PBXBuildFile; fileRef = 41280D501BD4EBBD00E81F91 /* main.m */; };
		4185027F1C8755D9008C77C4 /* libMulleStandaloneObjC.dylib in Frameworks */ = {isa = PBXBuildFile; fileRef = 4162D5321C63CDF1007EC7DD /* libMulleStandaloneObjC.dylib */; };
		41872A2A1C67870F0087DFB1 /* NSAllocation.m in Sources */ = {isa = PBXBuildFile; fileRef = 41872A291C67870F0087DFB1 /* NSAllocation.m */; };
		41A41E521AB097CE00A92452 /* _ns_exception.h in Headers */ = {isa = PBXBuildFile; fileRef = 41A41E501AB097CE00A92452 /* _ns_exception.h */; settings = {ATTRIBUTES = (Public, ); }; };
		41A41E571AB097EC00A92452 /* ns_allocation.h in Headers */ = {isa = PBXBuildFile; fileRef = 41A41E541AB097EC00A92452 /* ns_allocation.h */; settings = {ATTRIBUTES = (Public, ); }; };
		41A41E581AB097EC00A92452 /* ns_allocation.c in Sources */ = {isa = PBXBuildFile; fileRef = 41A41E551AB097EC00A92452 /* ns_allocation.c */; };
		41A41E5C1AB09C2A00A92452 /* ns_zone.h in Headers */ = {isa = PBXBuildFile; fileRef = 41A41E5A1AB09C2A00A92452 /* ns_zone.h */; settings = {ATTRIBUTES = (Public, ); }; };
		41A41E601AB0A18600A92452 /* ns_range.h in Headers */ = {isa = PBXBuildFile; fileRef = 41A41E5E1AB0A18600A92452 /* ns_range.h */; settings = {ATTRIBUTES = (Public, ); }; };
		41A41E611AB0A18600A92452 /* ns_range.c in Sources */ = {isa = PBXBuildFile; fileRef = 41A41E5F1AB0A18600A92452 /* ns_range.c */; };
		41A41E631AB0BD5700A92452 /* NSAllocation.h in Headers */ = {isa = PBXBuildFile; fileRef = 41A41E621AB0BD5700A92452 /* NSAllocation.h */; settings = {ATTRIBUTES = (Public, ); }; };
		41A51C251BD54BA8004CADE9 /* ns_rootconfiguration.c in Sources */ = {isa = PBXBuildFile; fileRef = 419C582D1BCFE50C00731B64 /* ns_rootconfiguration.c */; };
		41A827A31AADE01D0017BE29 /* NSAutoreleasePool.h in Headers */ = {isa = PBXBuildFile; fileRef = 41A827A11AADE01D0017BE29 /* NSAutoreleasePool.h */; settings = {ATTRIBUTES = (Public, ); }; };
		41A827A41AADE01D0017BE29 /* NSAutoreleasePool.m in Sources */ = {isa = PBXBuildFile; fileRef = 41A827A21AADE01D0017BE29 /* NSAutoreleasePool.m */; };
		41A827A61AADE0290017BE29 /* NSAutoreleasePool+Private.h in Headers */ = {isa = PBXBuildFile; fileRef = 41A827A51AADE0290017BE29 /* NSAutoreleasePool+Private.h */; settings = {ATTRIBUTES = (Public, ); }; };
		41A827A91AADE0400017BE29 /* NSDebug.h in Headers */ = {isa = PBXBuildFile; fileRef = 41A827A71AADE0400017BE29 /* NSDebug.h */; settings = {ATTRIBUTES = (Public, ); }; };
		41A827AA1AADE0400017BE29 /* NSDebug.m in Sources */ = {isa = PBXBuildFile; fileRef = 41A827A81AADE0400017BE29 /* NSDebug.m */; };
		41A827AD1AADE04B0017BE29 /* NSObject.h in Headers */ = {isa = PBXBuildFile; fileRef = 41A827AB1AADE04B0017BE29 /* NSObject.h */; settings = {ATTRIBUTES = (Public, ); }; };
		41A827AE1AADE04B0017BE29 /* NSObject.m in Sources */ = {isa = PBXBuildFile; fileRef = 41A827AC1AADE04B0017BE29 /* NSObject.m */; };
		41A827B11AADE0530017BE29 /* NSProxy.h in Headers */ = {isa = PBXBuildFile; fileRef = 41A827AF1AADE0530017BE29 /* NSProxy.h */; settings = {ATTRIBUTES = (Public, ); }; };
		41A827B21AADE0530017BE29 /* NSProxy.m in Sources */ = {isa = PBXBuildFile; fileRef = 41A827B01AADE0530017BE29 /* NSProxy.m */; };
		41A827BC1AADE08C0017BE29 /* NSCopying.h in Headers */ = {isa = PBXBuildFile; fileRef = 41A827B81AADE08C0017BE29 /* NSCopying.h */; settings = {ATTRIBUTES = (Public, ); }; };
		41A827BF1AADE08C0017BE29 /* NSObjectProtocol.h in Headers */ = {isa = PBXBuildFile; fileRef = 41A827BB1AADE08C0017BE29 /* NSObjectProtocol.h */; settings = {ATTRIBUTES = (Public, ); }; };
		41A827C21AADE14F0017BE29 /* ns_rootconfiguration.h in Headers */ = {isa = PBXBuildFile; fileRef = 41A827C01AADE14F0017BE29 /* ns_rootconfiguration.h */; settings = {ATTRIBUTES = (Public, ); }; };
		41A827C31AADE14F0017BE29 /* ns_objc_include.h in Headers */ = {isa = PBXBuildFile; fileRef = 41A827C11AADE14F0017BE29 /* ns_objc_include.h */; settings = {ATTRIBUTES = (Public, ); }; };
		41A827C61AADE30E0017BE29 /* ns_type.h in Headers */ = {isa = PBXBuildFile; fileRef = 41A827C41AADE30E0017BE29 /* ns_type.h */; settings = {ATTRIBUTES = (Public, ); }; };
		41A9E4FB1BD7F39700210D6E /* ns_debug.c in Sources */ = {isa = PBXBuildFile; fileRef = 41A9E4F91BD7F39700210D6E /* ns_debug.c */; };
		41A9E4FC1BD7F39700210D6E /* ns_debug.h in Headers */ = {isa = PBXBuildFile; fileRef = 41A9E4FA1BD7F39700210D6E /* ns_debug.h */; settings = {ATTRIBUTES = (Public, ); }; };
		41B200551C8CBC3300588C5E /* libmulle_allocator.a in Frameworks */ = {isa = PBXBuildFile; fileRef = 41B200541C8CBC3300588C5E /* libmulle_allocator.a */; };
		41B200571C8CBD6C00588C5E /* autopool.m in Sources */ = {isa = PBXBuildFile; fileRef = 41B200561C8CBD6C00588C5E /* autopool.m */; };
		41B7F9DA1C6DE60600C74B8A /* NSInvocation.h in Headers */ = {isa = PBXBuildFile; fileRef = 410B50DB1C69424B007839D0 /* NSInvocation.h */; settings = {ATTRIBUTES = (Public, ); }; };
		41B7F9DB1C6DE60600C74B8A /* NSMethodSignature.h in Headers */ = {isa = PBXBuildFile; fileRef = 410B50DE1C69424B007839D0 /* NSMethodSignature.h */; settings = {ATTRIBUTES = (Public, ); }; };
/* End PBXBuildFile section */

/* Begin PBXContainerItemProxy section */
		410FA24A1C660DB000927C72 /* PBXContainerItemProxy */ = {
			isa = PBXContainerItemProxy;
			containerPortal = 41A8276A1AADD0D40017BE29 /* Project object */;
			proxyType = 1;
			remoteGlobalIDString = 4162D5101C63CDF1007EC7DD;
			remoteInfo = MulleStandaloneObjC;
		};
		410FA24C1C660DB200927C72 /* PBXContainerItemProxy */ = {
			isa = PBXContainerItemProxy;
			containerPortal = 41A8276A1AADD0D40017BE29 /* Project object */;
			proxyType = 1;
			remoteGlobalIDString = 41A827711AADD0D40017BE29;
			remoteInfo = MulleObjC;
		};
		41300CAB1C87185600D1D1C1 /* PBXContainerItemProxy */ = {
			isa = PBXContainerItemProxy;
			containerPortal = 41A8276A1AADD0D40017BE29 /* Project object */;
			proxyType = 1;
			remoteGlobalIDString = 4162D5101C63CDF1007EC7DD;
			remoteInfo = MulleStandaloneObjC;
		};
		4162D5331C63CE0E007EC7DD /* PBXContainerItemProxy */ = {
			isa = PBXContainerItemProxy;
			containerPortal = 41A8276A1AADD0D40017BE29 /* Project object */;
			proxyType = 1;
			remoteGlobalIDString = 41A827711AADD0D40017BE29;
			remoteInfo = MulleObjC;
		};
		418502801C8755DD008C77C4 /* PBXContainerItemProxy */ = {
			isa = PBXContainerItemProxy;
			containerPortal = 41A8276A1AADD0D40017BE29 /* Project object */;
			proxyType = 1;
			remoteGlobalIDString = 4162D5101C63CDF1007EC7DD;
			remoteInfo = MulleStandaloneObjC;
		};
/* End PBXContainerItemProxy section */

/* Begin PBXFileReference section */
		410B50DB1C69424B007839D0 /* NSInvocation.h */ = {isa = PBXFileReference; fileEncoding = 4; lastKnownFileType = sourcecode.c.h; path = NSInvocation.h; sourceTree = "<group>"; };
		410B50DC1C69424B007839D0 /* NSInvocation.m */ = {isa = PBXFileReference; fileEncoding = 4; lastKnownFileType = sourcecode.c.objc; path = NSInvocation.m; sourceTree = "<group>"; };
		410B50DE1C69424B007839D0 /* NSMethodSignature.h */ = {isa = PBXFileReference; fileEncoding = 4; lastKnownFileType = sourcecode.c.h; path = NSMethodSignature.h; sourceTree = "<group>"; };
		410B50DF1C69424B007839D0 /* NSMethodSignature.m */ = {isa = PBXFileReference; fileEncoding = 4; lastKnownFileType = sourcecode.c.objc; path = NSMethodSignature.m; sourceTree = "<group>"; };
		410B50E01C69424B007839D0 /* NSMethodSignature+Private.h */ = {isa = PBXFileReference; fileEncoding = 4; lastKnownFileType = sourcecode.c.h; path = "NSMethodSignature+Private.h"; sourceTree = "<group>"; };
		410FA2581C6624AF00927C72 /* ns_fastclassids.h */ = {isa = PBXFileReference; fileEncoding = 4; lastKnownFileType = sourcecode.c.h; path = ns_fastclassids.h; sourceTree = "<group>"; };
		410FA25B1C6624F500927C72 /* ns_fastmethodids.h */ = {isa = PBXFileReference; fileEncoding = 4; lastKnownFileType = sourcecode.c.h; path = ns_fastmethodids.h; sourceTree = "<group>"; };
		411129F11B063B6900154FB6 /* AUTORELEASE.md */ = {isa = PBXFileReference; lastKnownFileType = net.daringfireball.markdown; path = AUTORELEASE.md; sourceTree = "<group>"; };
		411C19221C86FDC600B09881 /* libmulle_test_allocator.a */ = {isa = PBXFileReference; lastKnownFileType = archive.ar; name = libmulle_test_allocator.a; path = dependencies/lib/Debug/libmulle_test_allocator.a; sourceTree = "<group>"; };
		411C19241C86FDFD00B09881 /* ns_test_allocation.c */ = {isa = PBXFileReference; fileEncoding = 4; lastKnownFileType = sourcecode.c.c; path = ns_test_allocation.c; sourceTree = "<group>"; };
		411C19261C86FE0500B09881 /* ns_test_allocation.h */ = {isa = PBXFileReference; fileEncoding = 4; lastKnownFileType = sourcecode.c.h; path = ns_test_allocation.h; sourceTree = "<group>"; };
		41280D501BD4EBBD00E81F91 /* main.m */ = {isa = PBXFileReference; lastKnownFileType = sourcecode.c.objc; path = main.m; sourceTree = "<group>"; };
		41300CA11C87180200D1D1C1 /* sometest */ = {isa = PBXFileReference; explicitFileType = "compiled.mach-o.executable"; includeInIndex = 0; path = sometest; sourceTree = BUILT_PRODUCTS_DIR; };
		415A0A0F1C4E98B700290E05 /* _ns_autoreleasepointerarray.h */ = {isa = PBXFileReference; fileEncoding = 4; lastKnownFileType = sourcecode.c.h; path = _ns_autoreleasepointerarray.h; sourceTree = "<group>"; };
		4162D5081C63CBBC007EC7DD /* Debug.xcconfig */ = {isa = PBXFileReference; lastKnownFileType = text.xcconfig; path = Debug.xcconfig; sourceTree = "<group>"; };
		4162D5091C63CBBC007EC7DD /* IOS.xcconfig */ = {isa = PBXFileReference; lastKnownFileType = text.xcconfig; path = IOS.xcconfig; sourceTree = "<group>"; };
		4162D50A1C63CBBC007EC7DD /* OSX.xcconfig */ = {isa = PBXFileReference; lastKnownFileType = text.xcconfig; path = OSX.xcconfig; sourceTree = "<group>"; };
		4162D50B1C63CBBC007EC7DD /* Release.xcconfig */ = {isa = PBXFileReference; lastKnownFileType = text.xcconfig; path = Release.xcconfig; sourceTree = "<group>"; };
		4162D50C1C63CBBC007EC7DD /* StaticLibrary.xcconfig */ = {isa = PBXFileReference; lastKnownFileType = text.xcconfig; path = StaticLibrary.xcconfig; sourceTree = "<group>"; };
		4162D50D1C63CBBC007EC7DD /* StaticLibraryIOS.xcconfig */ = {isa = PBXFileReference; lastKnownFileType = text.xcconfig; path = StaticLibraryIOS.xcconfig; sourceTree = "<group>"; };
		4162D50E1C63CBBC007EC7DD /* StaticLibraryOSX.xcconfig */ = {isa = PBXFileReference; lastKnownFileType = text.xcconfig; path = StaticLibraryOSX.xcconfig; sourceTree = "<group>"; };
		4162D50F1C63CBBC007EC7DD /* ToolOSX.xcconfig */ = {isa = PBXFileReference; lastKnownFileType = text.xcconfig; path = ToolOSX.xcconfig; sourceTree = "<group>"; };
		4162D5321C63CDF1007EC7DD /* libMulleStandaloneObjC.dylib */ = {isa = PBXFileReference; explicitFileType = archive.ar; includeInIndex = 0; path = libMulleStandaloneObjC.dylib; sourceTree = BUILT_PRODUCTS_DIR; };
		4162D5351C63CE2E007EC7DD /* MulleStandaloneObjC.h */ = {isa = PBXFileReference; fileEncoding = 4; lastKnownFileType = sourcecode.c.h; path = MulleStandaloneObjC.h; sourceTree = "<group>"; };
		4162D5371C63F938007EC7DD /* MulleStandaloneObjC.m */ = {isa = PBXFileReference; fileEncoding = 4; lastKnownFileType = sourcecode.c.objc; path = MulleStandaloneObjC.m; sourceTree = "<group>"; };
		4177F28F1AB1ECBE003A44B2 /* ROOTS.md */ = {isa = PBXFileReference; fileEncoding = 4; lastKnownFileType = net.daringfireball.markdown; path = ROOTS.md; sourceTree = "<group>"; };
		417D6E2C1C64B3FE0022660E /* DynamicLibraryOSX.xcconfig */ = {isa = PBXFileReference; lastKnownFileType = text.xcconfig; path = DynamicLibraryOSX.xcconfig; sourceTree = "<group>"; };
		417D8ACE1C89A7E500C3EFC9 /* ns_threadconfiguration.h */ = {isa = PBXFileReference; fileEncoding = 4; lastKnownFileType = sourcecode.c.h; path = ns_threadconfiguration.h; sourceTree = "<group>"; };
		418502771C8755A9008C77C4 /* callbenchmark */ = {isa = PBXFileReference; explicitFileType = "compiled.mach-o.executable"; includeInIndex = 0; path = callbenchmark; sourceTree = BUILT_PRODUCTS_DIR; };
		41872A291C67870F0087DFB1 /* NSAllocation.m */ = {isa = PBXFileReference; fileEncoding = 4; lastKnownFileType = sourcecode.c.objc; path = NSAllocation.m; sourceTree = "<group>"; };
		419C582D1BCFE50C00731B64 /* ns_rootconfiguration.c */ = {isa = PBXFileReference; fileEncoding = 4; lastKnownFileType = sourcecode.c.c; path = ns_rootconfiguration.c; sourceTree = "<group>"; };
		419C582F1BCFF32000731B64 /* NSThread.m */ = {isa = PBXFileReference; fileEncoding = 4; lastKnownFileType = sourcecode.c.objc; path = NSThread.m; sourceTree = "<group>"; };
		419C58311BCFF33200731B64 /* NSThread.h */ = {isa = PBXFileReference; fileEncoding = 4; lastKnownFileType = sourcecode.c.h; path = NSThread.h; sourceTree = "<group>"; };
		41A41E501AB097CE00A92452 /* _ns_exception.h */ = {isa = PBXFileReference; fileEncoding = 4; lastKnownFileType = sourcecode.c.h; path = _ns_exception.h; sourceTree = "<group>"; };
		41A41E541AB097EC00A92452 /* ns_allocation.h */ = {isa = PBXFileReference; fileEncoding = 4; lastKnownFileType = sourcecode.c.h; path = ns_allocation.h; sourceTree = "<group>"; };
		41A41E551AB097EC00A92452 /* ns_allocation.c */ = {isa = PBXFileReference; fileEncoding = 4; lastKnownFileType = sourcecode.c.c; path = ns_allocation.c; sourceTree = "<group>"; };
		41A41E5A1AB09C2A00A92452 /* ns_zone.h */ = {isa = PBXFileReference; fileEncoding = 4; lastKnownFileType = sourcecode.c.h; path = ns_zone.h; sourceTree = "<group>"; };
		41A41E5E1AB0A18600A92452 /* ns_range.h */ = {isa = PBXFileReference; fileEncoding = 4; lastKnownFileType = sourcecode.c.h; path = ns_range.h; sourceTree = "<group>"; };
		41A41E5F1AB0A18600A92452 /* ns_range.c */ = {isa = PBXFileReference; fileEncoding = 4; lastKnownFileType = sourcecode.c.c; path = ns_range.c; sourceTree = "<group>"; };
		41A41E621AB0BD5700A92452 /* NSAllocation.h */ = {isa = PBXFileReference; fileEncoding = 4; lastKnownFileType = sourcecode.c.h; path = NSAllocation.h; sourceTree = "<group>"; };
		41A51C261BD557AB004CADE9 /* libmulle_aba.a */ = {isa = PBXFileReference; lastKnownFileType = archive.ar; name = libmulle_aba.a; path = dependencies/lib/Debug/libmulle_aba.a; sourceTree = "<group>"; };
		41A51C271BD557AB004CADE9 /* libmulle_container.a */ = {isa = PBXFileReference; lastKnownFileType = archive.ar; name = libmulle_container.a; path = dependencies/lib/Debug/libmulle_container.a; sourceTree = "<group>"; };
		41A51C281BD557AB004CADE9 /* libmulle_objc_runtime.a */ = {isa = PBXFileReference; lastKnownFileType = archive.ar; name = libmulle_objc_runtime.a; path = dependencies/lib/Debug/libmulle_objc_runtime.a; sourceTree = "<group>"; };
		41A51C291BD557AB004CADE9 /* libmulle_thread.a */ = {isa = PBXFileReference; lastKnownFileType = archive.ar; name = libmulle_thread.a; path = dependencies/lib/Debug/libmulle_thread.a; sourceTree = "<group>"; };
		41A827721AADD0D40017BE29 /* libMulleObjC.a */ = {isa = PBXFileReference; explicitFileType = archive.ar; includeInIndex = 0; path = libMulleObjC.a; sourceTree = BUILT_PRODUCTS_DIR; };
		41A827791AADD1510017BE29 /* README.md */ = {isa = PBXFileReference; fileEncoding = 4; lastKnownFileType = net.daringfireball.markdown; path = README.md; sourceTree = "<group>"; };
		41A827A11AADE01D0017BE29 /* NSAutoreleasePool.h */ = {isa = PBXFileReference; fileEncoding = 4; lastKnownFileType = sourcecode.c.h; path = NSAutoreleasePool.h; sourceTree = "<group>"; };
		41A827A21AADE01D0017BE29 /* NSAutoreleasePool.m */ = {isa = PBXFileReference; fileEncoding = 4; lastKnownFileType = sourcecode.c.objc; path = NSAutoreleasePool.m; sourceTree = "<group>"; };
		41A827A51AADE0290017BE29 /* NSAutoreleasePool+Private.h */ = {isa = PBXFileReference; fileEncoding = 4; lastKnownFileType = sourcecode.c.h; path = "NSAutoreleasePool+Private.h"; sourceTree = "<group>"; };
		41A827A71AADE0400017BE29 /* NSDebug.h */ = {isa = PBXFileReference; fileEncoding = 4; lastKnownFileType = sourcecode.c.h; path = NSDebug.h; sourceTree = "<group>"; };
		41A827A81AADE0400017BE29 /* NSDebug.m */ = {isa = PBXFileReference; fileEncoding = 4; lastKnownFileType = sourcecode.c.objc; path = NSDebug.m; sourceTree = "<group>"; };
		41A827AB1AADE04B0017BE29 /* NSObject.h */ = {isa = PBXFileReference; fileEncoding = 4; lastKnownFileType = sourcecode.c.h; path = NSObject.h; sourceTree = "<group>"; };
		41A827AC1AADE04B0017BE29 /* NSObject.m */ = {isa = PBXFileReference; fileEncoding = 4; lastKnownFileType = sourcecode.c.objc; path = NSObject.m; sourceTree = "<group>"; };
		41A827AF1AADE0530017BE29 /* NSProxy.h */ = {isa = PBXFileReference; fileEncoding = 4; lastKnownFileType = sourcecode.c.h; path = NSProxy.h; sourceTree = "<group>"; };
		41A827B01AADE0530017BE29 /* NSProxy.m */ = {isa = PBXFileReference; fileEncoding = 4; lastKnownFileType = sourcecode.c.objc; path = NSProxy.m; sourceTree = "<group>"; };
		41A827B81AADE08C0017BE29 /* NSCopying.h */ = {isa = PBXFileReference; fileEncoding = 4; lastKnownFileType = sourcecode.c.h; path = NSCopying.h; sourceTree = "<group>"; };
		41A827BB1AADE08C0017BE29 /* NSObjectProtocol.h */ = {isa = PBXFileReference; fileEncoding = 4; lastKnownFileType = sourcecode.c.h; path = NSObjectProtocol.h; sourceTree = "<group>"; };
		41A827C01AADE14F0017BE29 /* ns_rootconfiguration.h */ = {isa = PBXFileReference; fileEncoding = 4; lastKnownFileType = sourcecode.c.h; path = ns_rootconfiguration.h; sourceTree = "<group>"; };
		41A827C11AADE14F0017BE29 /* ns_objc_include.h */ = {isa = PBXFileReference; fileEncoding = 4; lastKnownFileType = sourcecode.c.h; path = ns_objc_include.h; sourceTree = "<group>"; };
		41A827C41AADE30E0017BE29 /* ns_type.h */ = {isa = PBXFileReference; fileEncoding = 4; lastKnownFileType = sourcecode.c.h; path = ns_type.h; sourceTree = "<group>"; };
		41A9E4F51BD7E58B00210D6E /* MulleObjC.h */ = {isa = PBXFileReference; lastKnownFileType = sourcecode.c.h; path = MulleObjC.h; sourceTree = "<group>"; };
		41A9E4F71BD7E6D300210D6E /* ns_exception.h */ = {isa = PBXFileReference; lastKnownFileType = sourcecode.c.h; path = ns_exception.h; sourceTree = "<group>"; };
		41A9E4F81BD7EE4600210D6E /* ns_objc.h */ = {isa = PBXFileReference; lastKnownFileType = sourcecode.c.h; path = ns_objc.h; sourceTree = "<group>"; };
		41A9E4F91BD7F39700210D6E /* ns_debug.c */ = {isa = PBXFileReference; fileEncoding = 4; lastKnownFileType = sourcecode.c.c; path = ns_debug.c; sourceTree = "<group>"; };
		41A9E4FA1BD7F39700210D6E /* ns_debug.h */ = {isa = PBXFileReference; fileEncoding = 4; lastKnownFileType = sourcecode.c.h; path = ns_debug.h; sourceTree = "<group>"; };
		41B200541C8CBC3300588C5E /* libmulle_allocator.a */ = {isa = PBXFileReference; lastKnownFileType = archive.ar; name = libmulle_allocator.a; path = dependencies/lib/Debug/libmulle_allocator.a; sourceTree = "<group>"; };
		41B200561C8CBD6C00588C5E /* autopool.m */ = {isa = PBXFileReference; fileEncoding = 4; lastKnownFileType = sourcecode.c.objc; name = autopool.m; path = tests/NSAutoreleasePool/autopool.m; sourceTree = SOURCE_ROOT; };
		41FA26531BE0397A0093490C /* Foundation.framework */ = {isa = PBXFileReference; lastKnownFileType = wrapper.framework; name = Foundation.framework; path = System/Library/Frameworks/Foundation.framework; sourceTree = SDKROOT; };
/* End PBXFileReference section */

/* Begin PBXFrameworksBuildPhase section */
		41300C9E1C87180200D1D1C1 /* Frameworks */ = {
			isa = PBXFrameworksBuildPhase;
			buildActionMask = 2147483647;
			files = (
				41300CAA1C87185100D1D1C1 /* libMulleStandaloneObjC.dylib in Frameworks */,
			);
			runOnlyForDeploymentPostprocessing = 0;
		};
		4162D51B1C63CDF1007EC7DD /* Frameworks */ = {
			isa = PBXFrameworksBuildPhase;
			buildActionMask = 2147483647;
			files = (
				417D6E2D1C64B40A0022660E /* libMulleObjC.a in Frameworks */,
				41B200551C8CBC3300588C5E /* libmulle_allocator.a in Frameworks */,
				417D6E3D1C64C1E50022660E /* libmulle_objc_runtime.a in Frameworks */,
				417D6E2E1C64B4560022660E /* libmulle_aba.a in Frameworks */,
				417D6E2F1C64B4560022660E /* libmulle_container.a in Frameworks */,
				417D6E301C64B4560022660E /* libmulle_thread.a in Frameworks */,
				411C19231C86FDC600B09881 /* libmulle_test_allocator.a in Frameworks */,
			);
			runOnlyForDeploymentPostprocessing = 0;
		};
		418502741C8755A9008C77C4 /* Frameworks */ = {
			isa = PBXFrameworksBuildPhase;
			buildActionMask = 2147483647;
			files = (
				4185027F1C8755D9008C77C4 /* libMulleStandaloneObjC.dylib in Frameworks */,
			);
			runOnlyForDeploymentPostprocessing = 0;
		};
		41A8276F1AADD0D40017BE29 /* Frameworks */ = {
			isa = PBXFrameworksBuildPhase;
			buildActionMask = 2147483647;
			files = (
			);
			runOnlyForDeploymentPostprocessing = 0;
		};
/* End PBXFrameworksBuildPhase section */

/* Begin PBXGroup section */
		41280D4F1BD4EBBD00E81F91 /* call-benchmark */ = {
			isa = PBXGroup;
			children = (
				41280D501BD4EBBD00E81F91 /* main.m */,
			);
			path = "call-benchmark";
			sourceTree = "<group>";
		};
		41300CA21C87180200D1D1C1 /* sometest */ = {
			isa = PBXGroup;
			children = (
				41B200561C8CBD6C00588C5E /* autopool.m */,
			);
			path = sometest;
			sourceTree = "<group>";
		};
		417C02841BD84938005A3751 /* mulle-configuration */ = {
			isa = PBXGroup;
			children = (
				417D6E2C1C64B3FE0022660E /* DynamicLibraryOSX.xcconfig */,
				4162D5081C63CBBC007EC7DD /* Debug.xcconfig */,
				4162D5091C63CBBC007EC7DD /* IOS.xcconfig */,
				4162D50A1C63CBBC007EC7DD /* OSX.xcconfig */,
				4162D50B1C63CBBC007EC7DD /* Release.xcconfig */,
				4162D50C1C63CBBC007EC7DD /* StaticLibrary.xcconfig */,
				4162D50D1C63CBBC007EC7DD /* StaticLibraryIOS.xcconfig */,
				4162D50E1C63CBBC007EC7DD /* StaticLibraryOSX.xcconfig */,
				4162D50F1C63CBBC007EC7DD /* ToolOSX.xcconfig */,
			);
			path = "mulle-configuration";
			sourceTree = "<group>";
		};
		418F93551C442B99008EC017 /* Frameworks and Libraries */ = {
			isa = PBXGroup;
			children = (
				41A51C261BD557AB004CADE9 /* libmulle_aba.a */,
				41B200541C8CBC3300588C5E /* libmulle_allocator.a */,
				41A51C271BD557AB004CADE9 /* libmulle_container.a */,
				41A51C281BD557AB004CADE9 /* libmulle_objc_runtime.a */,
				411C19221C86FDC600B09881 /* libmulle_test_allocator.a */,
				41A51C291BD557AB004CADE9 /* libmulle_thread.a */,
				41FA26531BE0397A0093490C /* Foundation.framework */,
			);
			name = "Frameworks and Libraries";
			sourceTree = "<group>";
		};
		41A827691AADD0D40017BE29 = {
			isa = PBXGroup;
			children = (
				41A827791AADD1510017BE29 /* README.md */,
				417C02841BD84938005A3751 /* mulle-configuration */,
				41A8279D1AADDFA60017BE29 /* src */,
				41280D4F1BD4EBBD00E81F91 /* call-benchmark */,
				418F93551C442B99008EC017 /* Frameworks and Libraries */,
				41300CA21C87180200D1D1C1 /* sometest */,
				41A827731AADD0D40017BE29 /* Products */,
			);
			sourceTree = "<group>";
		};
		41A827731AADD0D40017BE29 /* Products */ = {
			isa = PBXGroup;
			children = (
				41A827721AADD0D40017BE29 /* libMulleObjC.a */,
				4162D5321C63CDF1007EC7DD /* libMulleStandaloneObjC.dylib */,
				41300CA11C87180200D1D1C1 /* sometest */,
				418502771C8755A9008C77C4 /* callbenchmark */,
			);
			name = Products;
			sourceTree = "<group>";
		};
		41A8279D1AADDFA60017BE29 /* src */ = {
			isa = PBXGroup;
			children = (
				41A8279E1AADDFBB0017BE29 /* roots */,
			);
			path = src;
			sourceTree = "<group>";
		};
		41A8279E1AADDFBB0017BE29 /* roots */ = {
			isa = PBXGroup;
			children = (
				4177F28F1AB1ECBE003A44B2 /* ROOTS.md */,
				411129F11B063B6900154FB6 /* AUTORELEASE.md */,
				41A9E4F51BD7E58B00210D6E /* MulleObjC.h */,
				4162D5351C63CE2E007EC7DD /* MulleStandaloneObjC.h */,
				4162D5371C63F938007EC7DD /* MulleStandaloneObjC.m */,
				41A827C41AADE30E0017BE29 /* ns_type.h */,
				410FA2581C6624AF00927C72 /* ns_fastclassids.h */,
				410FA25B1C6624F500927C72 /* ns_fastmethodids.h */,
				41A9E4F81BD7EE4600210D6E /* ns_objc.h */,
				41A827C11AADE14F0017BE29 /* ns_objc_include.h */,
				41A827C01AADE14F0017BE29 /* ns_rootconfiguration.h */,
				419C582D1BCFE50C00731B64 /* ns_rootconfiguration.c */,
				41A827B71AADE0720017BE29 /* protocols */,
				41A41E541AB097EC00A92452 /* ns_allocation.h */,
				41A41E551AB097EC00A92452 /* ns_allocation.c */,
				411C19261C86FE0500B09881 /* ns_test_allocation.h */,
				411C19241C86FDFD00B09881 /* ns_test_allocation.c */,
				41A41E621AB0BD5700A92452 /* NSAllocation.h */,
				41872A291C67870F0087DFB1 /* NSAllocation.m */,
				41A827A11AADE01D0017BE29 /* NSAutoreleasePool.h */,
				41A827A51AADE0290017BE29 /* NSAutoreleasePool+Private.h */,
				41A827A21AADE01D0017BE29 /* NSAutoreleasePool.m */,
				41A9E4FA1BD7F39700210D6E /* ns_debug.h */,
				41A9E4F91BD7F39700210D6E /* ns_debug.c */,
				41A827A71AADE0400017BE29 /* NSDebug.h */,
				41A827A81AADE0400017BE29 /* NSDebug.m */,
				41A827AB1AADE04B0017BE29 /* NSObject.h */,
				41A827AC1AADE04B0017BE29 /* NSObject.m */,
				41A827AF1AADE0530017BE29 /* NSProxy.h */,
				41A827B01AADE0530017BE29 /* NSProxy.m */,
				410B50DB1C69424B007839D0 /* NSInvocation.h */,
				410B50DC1C69424B007839D0 /* NSInvocation.m */,
				410B50DE1C69424B007839D0 /* NSMethodSignature.h */,
				410B50DF1C69424B007839D0 /* NSMethodSignature.m */,
				410B50E01C69424B007839D0 /* NSMethodSignature+Private.h */,
				415A0A0F1C4E98B700290E05 /* _ns_autoreleasepointerarray.h */,
				41A41E501AB097CE00A92452 /* _ns_exception.h */,
				41A9E4F71BD7E6D300210D6E /* ns_exception.h */,
				41A41E5E1AB0A18600A92452 /* ns_range.h */,
				41A41E5F1AB0A18600A92452 /* ns_range.c */,
				417D8ACE1C89A7E500C3EFC9 /* ns_threadconfiguration.h */,
				419C58311BCFF33200731B64 /* NSThread.h */,
				419C582F1BCFF32000731B64 /* NSThread.m */,
				41A41E5A1AB09C2A00A92452 /* ns_zone.h */,
			);
			path = roots;
			sourceTree = "<group>";
		};
		41A827B71AADE0720017BE29 /* protocols */ = {
			isa = PBXGroup;
			children = (
				41A827B81AADE08C0017BE29 /* NSCopying.h */,
				41A827BB1AADE08C0017BE29 /* NSObjectProtocol.h */,
			);
			path = protocols;
			sourceTree = "<group>";
		};
/* End PBXGroup section */

/* Begin PBXHeadersBuildPhase section */
		4162D51C1C63CDF1007EC7DD /* Headers */ = {
			isa = PBXHeadersBuildPhase;
			buildActionMask = 2147483647;
			files = (
				410FA24F1C66106200927C72 /* MulleObjC.h in Headers */,
				4162D5361C63CE2E007EC7DD /* MulleStandaloneObjC.h in Headers */,
				4162D51D1C63CDF1007EC7DD /* NSAutoreleasePool.h in Headers */,
				4162D51F1C63CDF1007EC7DD /* NSCopying.h in Headers */,
				4162D5201C63CDF1007EC7DD /* NSDebug.h in Headers */,
				410FA25A1C6624AF00927C72 /* ns_fastclassids.h in Headers */,
				410FA25D1C6624F500927C72 /* ns_fastmethodids.h in Headers */,
				4162D5241C63CDF1007EC7DD /* _ns_exception.h in Headers */,
				410FA2531C6610A600927C72 /* ns_exception.h in Headers */,
				4162D5221C63CDF1007EC7DD /* NSObject.h in Headers */,
				4162D5231C63CDF1007EC7DD /* _ns_autoreleasepointerarray.h in Headers */,
				4162D5251C63CDF1007EC7DD /* ns_range.h in Headers */,
				4162D5261C63CDF1007EC7DD /* ns_zone.h in Headers */,
				4162D51E1C63CDF1007EC7DD /* ns_debug.h in Headers */,
				4162D5271C63CDF1007EC7DD /* NSAllocation.h in Headers */,
				4162D5281C63CDF1007EC7DD /* ns_allocation.h in Headers */,
				410FA2501C66109500927C72 /* ns_objc.h in Headers */,
				41B7F9DA1C6DE60600C74B8A /* NSInvocation.h in Headers */,
				41B7F9DB1C6DE60600C74B8A /* NSMethodSignature.h in Headers */,
				4162D5291C63CDF1007EC7DD /* NSObjectProtocol.h in Headers */,
				410FA2551C6610CE00927C72 /* NSThread.h in Headers */,
				417D8AD11C89B8C600C3EFC9 /* ns_threadconfiguration.h in Headers */,
				4162D52A1C63CDF1007EC7DD /* ns_rootconfiguration.h in Headers */,
				4162D52B1C63CDF1007EC7DD /* NSProxy.h in Headers */,
				4162D52C1C63CDF1007EC7DD /* ns_objc_include.h in Headers */,
				4162D52D1C63CDF1007EC7DD /* NSAutoreleasePool+Private.h in Headers */,
				4162D52E1C63CDF1007EC7DD /* ns_type.h in Headers */,
			);
			runOnlyForDeploymentPostprocessing = 0;
		};
		41A827701AADD0D40017BE29 /* Headers */ = {
			isa = PBXHeadersBuildPhase;
			buildActionMask = 2147483647;
			files = (
				410FA24E1C66105E00927C72 /* MulleObjC.h in Headers */,
				41A827A31AADE01D0017BE29 /* NSAutoreleasePool.h in Headers */,
				41A827BC1AADE08C0017BE29 /* NSCopying.h in Headers */,
				41A827A91AADE0400017BE29 /* NSDebug.h in Headers */,
				410FA2521C6610A300927C72 /* ns_exception.h in Headers */,
				41A9E4FC1BD7F39700210D6E /* ns_debug.h in Headers */,
				410FA25C1C6624F500927C72 /* ns_fastmethodids.h in Headers */,
				410FA2591C6624AF00927C72 /* ns_fastclassids.h in Headers */,
				41A827AD1AADE04B0017BE29 /* NSObject.h in Headers */,
				415A0A101C4E98B700290E05 /* _ns_autoreleasepointerarray.h in Headers */,
				410B50E61C69424B007839D0 /* NSMethodSignature+Private.h in Headers */,
				41A41E521AB097CE00A92452 /* _ns_exception.h in Headers */,
				41A41E601AB0A18600A92452 /* ns_range.h in Headers */,
				41A41E5C1AB09C2A00A92452 /* ns_zone.h in Headers */,
				411C19271C86FE0500B09881 /* ns_test_allocation.h in Headers */,
				41A41E631AB0BD5700A92452 /* NSAllocation.h in Headers */,
				410B50E11C69424B007839D0 /* NSInvocation.h in Headers */,
				410B50E41C69424B007839D0 /* NSMethodSignature.h in Headers */,
				41A827A61AADE0290017BE29 /* NSAutoreleasePool+Private.h in Headers */,
				41A41E571AB097EC00A92452 /* ns_allocation.h in Headers */,
				41A827BF1AADE08C0017BE29 /* NSObjectProtocol.h in Headers */,
				417D8AD01C89A7E500C3EFC9 /* ns_threadconfiguration.h in Headers */,
				410FA2511C66109900927C72 /* ns_objc.h in Headers */,
				410FA2541C6610C700927C72 /* NSThread.h in Headers */,
				41A827C21AADE14F0017BE29 /* ns_rootconfiguration.h in Headers */,
				41A827B11AADE0530017BE29 /* NSProxy.h in Headers */,
				41A827C31AADE14F0017BE29 /* ns_objc_include.h in Headers */,
				41A827C61AADE30E0017BE29 /* ns_type.h in Headers */,
			);
			runOnlyForDeploymentPostprocessing = 0;
		};
/* End PBXHeadersBuildPhase section */

/* Begin PBXNativeTarget section */
		41300CA01C87180200D1D1C1 /* sometest */ = {
			isa = PBXNativeTarget;
			buildConfigurationList = 41300CA71C87180200D1D1C1 /* Build configuration list for PBXNativeTarget "sometest" */;
			buildPhases = (
				41300C9D1C87180200D1D1C1 /* Sources */,
				41300C9E1C87180200D1D1C1 /* Frameworks */,
			);
			buildRules = (
			);
			dependencies = (
				41300CAC1C87185600D1D1C1 /* PBXTargetDependency */,
			);
			name = sometest;
			productName = sometest;
			productReference = 41300CA11C87180200D1D1C1 /* sometest */;
			productType = "com.apple.product-type.tool";
		};
		4162D5101C63CDF1007EC7DD /* MulleStandaloneObjC */ = {
			isa = PBXNativeTarget;
			buildConfigurationList = 4162D52F1C63CDF1007EC7DD /* Build configuration list for PBXNativeTarget "MulleStandaloneObjC" */;
			buildPhases = (
				4162D5111C63CDF1007EC7DD /* Sources */,
				4162D51B1C63CDF1007EC7DD /* Frameworks */,
				4162D51C1C63CDF1007EC7DD /* Headers */,
			);
			buildRules = (
			);
			dependencies = (
				4162D5341C63CE0E007EC7DD /* PBXTargetDependency */,
			);
			name = MulleStandaloneObjC;
			productName = "mulle-objc-foundation";
			productReference = 4162D5321C63CDF1007EC7DD /* libMulleStandaloneObjC.dylib */;
			productType = "com.apple.product-type.library.static";
		};
		418502761C8755A9008C77C4 /* callbenchmark */ = {
			isa = PBXNativeTarget;
			buildConfigurationList = 4185027D1C8755A9008C77C4 /* Build configuration list for PBXNativeTarget "callbenchmark" */;
			buildPhases = (
				418502731C8755A9008C77C4 /* Sources */,
				418502741C8755A9008C77C4 /* Frameworks */,
			);
			buildRules = (
			);
			dependencies = (
				418502811C8755DD008C77C4 /* PBXTargetDependency */,
			);
			name = callbenchmark;
			productName = callbenchm;
			productReference = 418502771C8755A9008C77C4 /* callbenchmark */;
			productType = "com.apple.product-type.tool";
		};
		41A827711AADD0D40017BE29 /* MulleObjC */ = {
			isa = PBXNativeTarget;
			buildConfigurationList = 41A827761AADD0D40017BE29 /* Build configuration list for PBXNativeTarget "MulleObjC" */;
			buildPhases = (
				41A8276E1AADD0D40017BE29 /* Sources */,
				41A8276F1AADD0D40017BE29 /* Frameworks */,
				41A827701AADD0D40017BE29 /* Headers */,
			);
			buildRules = (
			);
			dependencies = (
			);
			name = MulleObjC;
			productName = "mulle-objc-foundation";
			productReference = 41A827721AADD0D40017BE29 /* libMulleObjC.a */;
			productType = "com.apple.product-type.library.static";
		};
/* End PBXNativeTarget section */

/* Begin PBXProject section */
		41A8276A1AADD0D40017BE29 /* Project object */ = {
			isa = PBXProject;
			attributes = {
				LastUpgradeCheck = 0720;
				ORGANIZATIONNAME = "Mulle kybernetiK";
				TargetAttributes = {
					410FA2461C660DA000927C72 = {
						CreatedOnToolsVersion = 7.1;
					};
					41300CA01C87180200D1D1C1 = {
						CreatedOnToolsVersion = 7.2.1;
					};
					418502761C8755A9008C77C4 = {
						CreatedOnToolsVersion = 7.2.1;
					};
					41A827711AADD0D40017BE29 = {
						CreatedOnToolsVersion = 6.1.1;
					};
				};
			};
			buildConfigurationList = 41A8276D1AADD0D40017BE29 /* Build configuration list for PBXProject "MulleObjC" */;
			compatibilityVersion = "Xcode 3.2";
			developmentRegion = English;
			hasScannedForEncodings = 0;
			knownRegions = (
				en,
			);
			mainGroup = 41A827691AADD0D40017BE29;
			productRefGroup = 41A827731AADD0D40017BE29 /* Products */;
			projectDirPath = "";
			projectRoot = "";
			targets = (
				410FA2461C660DA000927C72 /* Libraries */,
				41A827711AADD0D40017BE29 /* MulleObjC */,
				4162D5101C63CDF1007EC7DD /* MulleStandaloneObjC */,
				41300CA01C87180200D1D1C1 /* sometest */,
				418502761C8755A9008C77C4 /* callbenchmark */,
			);
		};
/* End PBXProject section */

/* Begin PBXSourcesBuildPhase section */
		41300C9D1C87180200D1D1C1 /* Sources */ = {
			isa = PBXSourcesBuildPhase;
			buildActionMask = 2147483647;
			files = (
				41B200571C8CBD6C00588C5E /* autopool.m in Sources */,
			);
			runOnlyForDeploymentPostprocessing = 0;
		};
		4162D5111C63CDF1007EC7DD /* Sources */ = {
			isa = PBXSourcesBuildPhase;
			buildActionMask = 2147483647;
			files = (
				4162D5381C63F938007EC7DD /* MulleStandaloneObjC.m in Sources */,
			);
			runOnlyForDeploymentPostprocessing = 0;
		};
		418502731C8755A9008C77C4 /* Sources */ = {
			isa = PBXSourcesBuildPhase;
			buildActionMask = 2147483647;
			files = (
				4185027E1C8755B8008C77C4 /* main.m in Sources */,
			);
			runOnlyForDeploymentPostprocessing = 0;
		};
		41A8276E1AADD0D40017BE29 /* Sources */ = {
			isa = PBXSourcesBuildPhase;
			buildActionMask = 2147483647;
			files = (
				41A51C251BD54BA8004CADE9 /* ns_rootconfiguration.c in Sources */,
				41A41E581AB097EC00A92452 /* ns_allocation.c in Sources */,
				41A9E4FB1BD7F39700210D6E /* ns_debug.c in Sources */,
				41A41E611AB0A18600A92452 /* ns_range.c in Sources */,
				410B50E21C69424B007839D0 /* NSInvocation.m in Sources */,
				41A827AA1AADE0400017BE29 /* NSDebug.m in Sources */,
				410B50E51C69424B007839D0 /* NSMethodSignature.m in Sources */,
				41A827A41AADE01D0017BE29 /* NSAutoreleasePool.m in Sources */,
				411C19251C86FDFD00B09881 /* ns_test_allocation.c in Sources */,
				41872A2A1C67870F0087DFB1 /* NSAllocation.m in Sources */,
				41A827AE1AADE04B0017BE29 /* NSObject.m in Sources */,
				41A827B21AADE0530017BE29 /* NSProxy.m in Sources */,
				4183C3621BDAE344009BE58B /* NSThread.m in Sources */,
			);
			runOnlyForDeploymentPostprocessing = 0;
		};
/* End PBXSourcesBuildPhase section */

/* Begin PBXTargetDependency section */
		410FA24B1C660DB000927C72 /* PBXTargetDependency */ = {
			isa = PBXTargetDependency;
			target = 4162D5101C63CDF1007EC7DD /* MulleStandaloneObjC */;
			targetProxy = 410FA24A1C660DB000927C72 /* PBXContainerItemProxy */;
		};
		410FA24D1C660DB200927C72 /* PBXTargetDependency */ = {
			isa = PBXTargetDependency;
			target = 41A827711AADD0D40017BE29 /* MulleObjC */;
			targetProxy = 410FA24C1C660DB200927C72 /* PBXContainerItemProxy */;
		};
		41300CAC1C87185600D1D1C1 /* PBXTargetDependency */ = {
			isa = PBXTargetDependency;
			target = 4162D5101C63CDF1007EC7DD /* MulleStandaloneObjC */;
			targetProxy = 41300CAB1C87185600D1D1C1 /* PBXContainerItemProxy */;
		};
		4162D5341C63CE0E007EC7DD /* PBXTargetDependency */ = {
			isa = PBXTargetDependency;
			target = 41A827711AADD0D40017BE29 /* MulleObjC */;
			targetProxy = 4162D5331C63CE0E007EC7DD /* PBXContainerItemProxy */;
		};
		418502811C8755DD008C77C4 /* PBXTargetDependency */ = {
			isa = PBXTargetDependency;
			target = 4162D5101C63CDF1007EC7DD /* MulleStandaloneObjC */;
			targetProxy = 418502801C8755DD008C77C4 /* PBXContainerItemProxy */;
		};
/* End PBXTargetDependency section */

/* Begin XCBuildConfiguration section */
		410FA2471C660DA000927C72 /* Debug */ = {
			isa = XCBuildConfiguration;
			buildSettings = {
				PRODUCT_NAME = "$(TARGET_NAME)";
			};
			name = Debug;
		};
		410FA2481C660DA000927C72 /* Release */ = {
			isa = XCBuildConfiguration;
			buildSettings = {
				PRODUCT_NAME = "$(TARGET_NAME)";
			};
			name = Release;
		};
		41300CA51C87180200D1D1C1 /* Debug */ = {
			isa = XCBuildConfiguration;
			baseConfigurationReference = 4162D50F1C63CBBC007EC7DD /* ToolOSX.xcconfig */;
			buildSettings = {
			};
			name = Debug;
		};
		41300CA61C87180200D1D1C1 /* Release */ = {
			isa = XCBuildConfiguration;
			baseConfigurationReference = 4162D50F1C63CBBC007EC7DD /* ToolOSX.xcconfig */;
			buildSettings = {
			};
			name = Release;
		};
		4162D5301C63CDF1007EC7DD /* Debug */ = {
			isa = XCBuildConfiguration;
			baseConfigurationReference = 417D6E2C1C64B3FE0022660E /* DynamicLibraryOSX.xcconfig */;
			buildSettings = {
				LIBRARY_SEARCH_PATHS = (
					"$(inherited)",
					"$(PROJECT_DIR)/dependencies/lib/Debug",
				);
				OTHER_LDFLAGS = (
					"-force_load",
					"$(CONFIGURATION_BUILD_DIR)/libMulleObjC.a",
					"-force_load",
					"$(DEPENDENCIES_DIR)/lib/$(CONFIGURATION)/libmulle_objc_runtime.a",
				);
				PRODUCT_NAME = "$(TARGET_NAME)";
			};
			name = Debug;
		};
		4162D5311C63CDF1007EC7DD /* Release */ = {
			isa = XCBuildConfiguration;
			baseConfigurationReference = 417D6E2C1C64B3FE0022660E /* DynamicLibraryOSX.xcconfig */;
			buildSettings = {
				LIBRARY_SEARCH_PATHS = (
					"$(inherited)",
					"$(PROJECT_DIR)/dependencies/lib/Debug",
				);
				OTHER_LDFLAGS = (
					"-force_load",
					"$(CONFIGURATION_BUILD_DIR)/libMulleObjC.a",
					"-force_load",
					"$(DEPENDENCIES_DIR)/lib/$(CONFIGURATION)/libmulle_objc_runtime.a",
				);
				PRODUCT_NAME = "$(TARGET_NAME)";
			};
			name = Release;
		};
		4185027B1C8755A9008C77C4 /* Debug */ = {
			isa = XCBuildConfiguration;
			baseConfigurationReference = 4162D50F1C63CBBC007EC7DD /* ToolOSX.xcconfig */;
			buildSettings = {
			};
			name = Debug;
		};
		4185027C1C8755A9008C77C4 /* Release */ = {
			isa = XCBuildConfiguration;
			baseConfigurationReference = 4162D50F1C63CBBC007EC7DD /* ToolOSX.xcconfig */;
			buildSettings = {
			};
			name = Release;
		};
		41A827741AADD0D40017BE29 /* Debug */ = {
			isa = XCBuildConfiguration;
			baseConfigurationReference = 4162D5081C63CBBC007EC7DD /* Debug.xcconfig */;
			buildSettings = {
			};
			name = Debug;
		};
		41A827751AADD0D40017BE29 /* Release */ = {
			isa = XCBuildConfiguration;
			baseConfigurationReference = 4162D50B1C63CBBC007EC7DD /* Release.xcconfig */;
			buildSettings = {
			};
			name = Release;
		};
		41A827771AADD0D40017BE29 /* Debug */ = {
			isa = XCBuildConfiguration;
			baseConfigurationReference = 4162D50E1C63CBBC007EC7DD /* StaticLibraryOSX.xcconfig */;
			buildSettings = {
			};
			name = Debug;
		};
		41A827781AADD0D40017BE29 /* Release */ = {
			isa = XCBuildConfiguration;
			baseConfigurationReference = 4162D50E1C63CBBC007EC7DD /* StaticLibraryOSX.xcconfig */;
			buildSettings = {
			};
			name = Release;
		};
/* End XCBuildConfiguration section */

/* Begin XCConfigurationList section */
		410FA2491C660DA000927C72 /* Build configuration list for PBXAggregateTarget "Libraries" */ = {
			isa = XCConfigurationList;
			buildConfigurations = (
				410FA2471C660DA000927C72 /* Debug */,
				410FA2481C660DA000927C72 /* Release */,
			);
			defaultConfigurationIsVisible = 0;
			defaultConfigurationName = Release;
		};
		41300CA71C87180200D1D1C1 /* Build configuration list for PBXNativeTarget "sometest" */ = {
			isa = XCConfigurationList;
			buildConfigurations = (
				41300CA51C87180200D1D1C1 /* Debug */,
				41300CA61C87180200D1D1C1 /* Release */,
			);
			defaultConfigurationIsVisible = 0;
			defaultConfigurationName = Release;
		};
		4162D52F1C63CDF1007EC7DD /* Build configuration list for PBXNativeTarget "MulleStandaloneObjC" */ = {
			isa = XCConfigurationList;
			buildConfigurations = (
				4162D5301C63CDF1007EC7DD /* Debug */,
				4162D5311C63CDF1007EC7DD /* Release */,
			);
			defaultConfigurationIsVisible = 0;
			defaultConfigurationName = Release;
		};
		4185027D1C8755A9008C77C4 /* Build configuration list for PBXNativeTarget "callbenchmark" */ = {
			isa = XCConfigurationList;
			buildConfigurations = (
				4185027B1C8755A9008C77C4 /* Debug */,
				4185027C1C8755A9008C77C4 /* Release */,
			);
			defaultConfigurationIsVisible = 0;
			defaultConfigurationName = Release;
		};
		41A8276D1AADD0D40017BE29 /* Build configuration list for PBXProject "MulleObjC" */ = {
			isa = XCConfigurationList;
			buildConfigurations = (
				41A827741AADD0D40017BE29 /* Debug */,
				41A827751AADD0D40017BE29 /* Release */,
			);
			defaultConfigurationIsVisible = 0;
			defaultConfigurationName = Release;
		};
		41A827761AADD0D40017BE29 /* Build configuration list for PBXNativeTarget "MulleObjC" */ = {
			isa = XCConfigurationList;
			buildConfigurations = (
				41A827771AADD0D40017BE29 /* Debug */,
				41A827781AADD0D40017BE29 /* Release */,
			);
			defaultConfigurationIsVisible = 0;
			defaultConfigurationName = Release;
		};
/* End XCConfigurationList section */
	};
	rootObject = 41A8276A1AADD0D40017BE29 /* Project object */;
}
